
Microsoft Visual Studio Solution File, Format Version 12.00
# Visual Studio Version 17
VisualStudioVersion = 17.0.31903.59
MinimumVisualStudioVersion = 10.0.40219.1
Project("{2150E333-8FDC-42A3-9474-1A3956D46DE8}") = "src", "src", "{827E0CD3-B72D-47B6-A68D-7590B98EB39B}"
EndProject
Project("{FAE04EC0-301F-11D3-BF4B-00C04F79EFBC}") = "Domain", "src\Domain\Domain.csproj", "{4DB64094-91F0-43B2-931B-126F86875958}"
EndProject
Project("{FAE04EC0-301F-11D3-BF4B-00C04F79EFBC}") = "Application", "src\Application\Application.csproj", "{BA0D19C0-5443-46B0-8FAB-DA6481214D6F}"
EndProject
Project("{FAE04EC0-301F-11D3-BF4B-00C04F79EFBC}") = "Infrastructure", "src\Infrastructure\Infrastructure.csproj", "{AFDD89C3-F371-4019-A7E5-69904C312A12}"
EndProject
Project("{FAE04EC0-301F-11D3-BF4B-00C04F79EFBC}") = "Web", "src\Web\Web.csproj", "{C98E3174-6A0C-45A1-BBD9-DD029780102D}"
EndProject
Global
	GlobalSection(SolutionConfigurationPlatforms) = preSolution
		Debug|Any CPU = Debug|Any CPU
		Debug|x64 = Debug|x64
		Debug|x86 = Debug|x86
		Release|Any CPU = Release|Any CPU
		Release|x64 = Release|x64
		Release|x86 = Release|x86
	EndGlobalSection
	GlobalSection(ProjectConfigurationPlatforms) = postSolution
		{4DB64094-91F0-43B2-931B-126F86875958}.Debug|Any CPU.ActiveCfg = Debug|Any CPU
		{4DB64094-91F0-43B2-931B-126F86875958}.Debug|Any CPU.Build.0 = Debug|Any CPU
		{4DB64094-91F0-43B2-931B-126F86875958}.Debug|x64.ActiveCfg = Debug|Any CPU
		{4DB64094-91F0-43B2-931B-126F86875958}.Debug|x64.Build.0 = Debug|Any CPU
		{4DB64094-91F0-43B2-931B-126F86875958}.Debug|x86.ActiveCfg = Debug|Any CPU
		{4DB64094-91F0-43B2-931B-126F86875958}.Debug|x86.Build.0 = Debug|Any CPU
		{4DB64094-91F0-43B2-931B-126F86875958}.Release|Any CPU.ActiveCfg = Release|Any CPU
		{4DB64094-91F0-43B2-931B-126F86875958}.Release|Any CPU.Build.0 = Release|Any CPU
		{4DB64094-91F0-43B2-931B-126F86875958}.Release|x64.ActiveCfg = Release|Any CPU
		{4DB64094-91F0-43B2-931B-126F86875958}.Release|x64.Build.0 = Release|Any CPU
		{4DB64094-91F0-43B2-931B-126F86875958}.Release|x86.ActiveCfg = Release|Any CPU
		{4DB64094-91F0-43B2-931B-126F86875958}.Release|x86.Build.0 = Release|Any CPU
		{BA0D19C0-5443-46B0-8FAB-DA6481214D6F}.Debug|Any CPU.ActiveCfg = Debug|Any CPU
		{BA0D19C0-5443-46B0-8FAB-DA6481214D6F}.Debug|Any CPU.Build.0 = Debug|Any CPU
		{BA0D19C0-5443-46B0-8FAB-DA6481214D6F}.Debug|x64.ActiveCfg = Debug|Any CPU
		{BA0D19C0-5443-46B0-8FAB-DA6481214D6F}.Debug|x64.Build.0 = Debug|Any CPU
		{BA0D19C0-5443-46B0-8FAB-DA6481214D6F}.Debug|x86.ActiveCfg = Debug|Any CPU
		{BA0D19C0-5443-46B0-8FAB-DA6481214D6F}.Debug|x86.Build.0 = Debug|Any CPU
		{BA0D19C0-5443-46B0-8FAB-DA6481214D6F}.Release|Any CPU.ActiveCfg = Release|Any CPU
		{BA0D19C0-5443-46B0-8FAB-DA6481214D6F}.Release|Any CPU.Build.0 = Release|Any CPU
		{BA0D19C0-5443-46B0-8FAB-DA6481214D6F}.Release|x64.ActiveCfg = Release|Any CPU
		{BA0D19C0-5443-46B0-8FAB-DA6481214D6F}.Release|x64.Build.0 = Release|Any CPU
		{BA0D19C0-5443-46B0-8FAB-DA6481214D6F}.Release|x86.ActiveCfg = Release|Any CPU
		{BA0D19C0-5443-46B0-8FAB-DA6481214D6F}.Release|x86.Build.0 = Release|Any CPU
		{AFDD89C3-F371-4019-A7E5-69904C312A12}.Debug|Any CPU.ActiveCfg = Debug|Any CPU
		{AFDD89C3-F371-4019-A7E5-69904C312A12}.Debug|Any CPU.Build.0 = Debug|Any CPU
		{AFDD89C3-F371-4019-A7E5-69904C312A12}.Debug|x64.ActiveCfg = Debug|Any CPU
		{AFDD89C3-F371-4019-A7E5-69904C312A12}.Debug|x64.Build.0 = Debug|Any CPU
		{AFDD89C3-F371-4019-A7E5-69904C312A12}.Debug|x86.ActiveCfg = Debug|Any CPU
		{AFDD89C3-F371-4019-A7E5-69904C312A12}.Debug|x86.Build.0 = Debug|Any CPU
		{AFDD89C3-F371-4019-A7E5-69904C312A12}.Release|Any CPU.ActiveCfg = Release|Any CPU
		{AFDD89C3-F371-4019-A7E5-69904C312A12}.Release|Any CPU.Build.0 = Release|Any CPU
		{AFDD89C3-F371-4019-A7E5-69904C312A12}.Release|x64.ActiveCfg = Release|Any CPU
		{AFDD89C3-F371-4019-A7E5-69904C312A12}.Release|x64.Build.0 = Release|Any CPU
		{AFDD89C3-F371-4019-A7E5-69904C312A12}.Release|x86.ActiveCfg = Release|Any CPU
		{AFDD89C3-F371-4019-A7E5-69904C312A12}.Release|x86.Build.0 = Release|Any CPU
		{C98E3174-6A0C-45A1-BBD9-DD029780102D}.Debug|Any CPU.ActiveCfg = Debug|Any CPU
		{C98E3174-6A0C-45A1-BBD9-DD029780102D}.Debug|Any CPU.Build.0 = Debug|Any CPU
		{C98E3174-6A0C-45A1-BBD9-DD029780102D}.Debug|x64.ActiveCfg = Debug|Any CPU
		{C98E3174-6A0C-45A1-BBD9-DD029780102D}.Debug|x64.Build.0 = Debug|Any CPU
		{C98E3174-6A0C-45A1-BBD9-DD029780102D}.Debug|x86.ActiveCfg = Debug|Any CPU
		{C98E3174-6A0C-45A1-BBD9-DD029780102D}.Debug|x86.Build.0 = Debug|Any CPU
		{C98E3174-6A0C-45A1-BBD9-DD029780102D}.Release|Any CPU.ActiveCfg = Release|Any CPU
		{C98E3174-6A0C-45A1-BBD9-DD029780102D}.Release|Any CPU.Build.0 = Release|Any CPU
		{C98E3174-6A0C-45A1-BBD9-DD029780102D}.Release|x64.ActiveCfg = Release|Any CPU
		{C98E3174-6A0C-45A1-BBD9-DD029780102D}.Release|x64.Build.0 = Release|Any CPU
		{C98E3174-6A0C-45A1-BBD9-DD029780102D}.Release|x86.ActiveCfg = Release|Any CPU
		{C98E3174-6A0C-45A1-BBD9-DD029780102D}.Release|x86.Build.0 = Release|Any CPU
	EndGlobalSection
	GlobalSection(SolutionProperties) = preSolution
		HideSolutionNode = FALSE
	EndGlobalSection
	GlobalSection(NestedProjects) = preSolution
		{4DB64094-91F0-43B2-931B-126F86875958} = {827E0CD3-B72D-47B6-A68D-7590B98EB39B}
		{BA0D19C0-5443-46B0-8FAB-DA6481214D6F} = {827E0CD3-B72D-47B6-A68D-7590B98EB39B}
		{AFDD89C3-F371-4019-A7E5-69904C312A12} = {827E0CD3-B72D-47B6-A68D-7590B98EB39B}
		{C98E3174-6A0C-45A1-BBD9-DD029780102D} = {827E0CD3-B72D-47B6-A68D-7590B98EB39B}
	EndGlobalSection
EndGlobal
